// !$*UTF8*$!
{
	archiveVersion = 1;
	classes = {
	};
	objectVersion = 46;
	objects = {

/* Begin PBXBuildFile section */
		90150C041E38CDB5008148A0 /* AppDelegate.swift in Sources */ = {isa = PBXBuildFile; fileRef = 90150C031E38CDB5008148A0 /* AppDelegate.swift */; };
		90150C061E38CDB5008148A0 /* ViewController.swift in Sources */ = {isa = PBXBuildFile; fileRef = 90150C051E38CDB5008148A0 /* ViewController.swift */; };
		90150C091E38CDB5008148A0 /* Main.storyboard in Resources */ = {isa = PBXBuildFile; fileRef = 90150C071E38CDB5008148A0 /* Main.storyboard */; };
		90150C0B1E38CDB5008148A0 /* Assets.xcassets in Resources */ = {isa = PBXBuildFile; fileRef = 90150C0A1E38CDB5008148A0 /* Assets.xcassets */; };
		90150C0E1E38CDB5008148A0 /* LaunchScreen.storyboard in Resources */ = {isa = PBXBuildFile; fileRef = 90150C0C1E38CDB5008148A0 /* LaunchScreen.storyboard */; };
		90E5EC5C1E3A1FE60001D1D2 /* CPKeezyView.swift in Sources */ = {isa = PBXBuildFile; fileRef = 90E5EC5A1E3A1FE60001D1D2 /* CPKeezyView.swift */; };
		90E5EC5D1E3A1FE60001D1D2 /* CPScalableButton.swift in Sources */ = {isa = PBXBuildFile; fileRef = 90E5EC5B1E3A1FE60001D1D2 /* CPScalableButton.swift */; };
		90F146A1237154B0379D836A /* Pods_CPKeezyViewDemo.framework in Frameworks */ = {isa = PBXBuildFile; fileRef = D8008AD11DEA2E6AAE65D486 /* Pods_CPKeezyViewDemo.framework */; };
/* End PBXBuildFile section */

/* Begin PBXFileReference section */
		86663ED3738F5751630CFB4C /* Pods-CPKeezyViewDemo.debug.xcconfig */ = {isa = PBXFileReference; includeInIndex = 1; lastKnownFileType = text.xcconfig; name = "Pods-CPKeezyViewDemo.debug.xcconfig"; path = "Pods/Target Support Files/Pods-CPKeezyViewDemo/Pods-CPKeezyViewDemo.debug.xcconfig"; sourceTree = "<group>"; };
		90150C001E38CDB5008148A0 /* CPKeezyViewDemo.app */ = {isa = PBXFileReference; explicitFileType = wrapper.application; includeInIndex = 0; path = CPKeezyViewDemo.app; sourceTree = BUILT_PRODUCTS_DIR; };
		90150C031E38CDB5008148A0 /* AppDelegate.swift */ = {isa = PBXFileReference; lastKnownFileType = sourcecode.swift; path = AppDelegate.swift; sourceTree = "<group>"; };
		90150C051E38CDB5008148A0 /* ViewController.swift */ = {isa = PBXFileReference; lastKnownFileType = sourcecode.swift; path = ViewController.swift; sourceTree = "<group>"; };
		90150C081E38CDB5008148A0 /* Base */ = {isa = PBXFileReference; lastKnownFileType = file.storyboard; name = Base; path = Base.lproj/Main.storyboard; sourceTree = "<group>"; };
		90150C0A1E38CDB5008148A0 /* Assets.xcassets */ = {isa = PBXFileReference; lastKnownFileType = folder.assetcatalog; path = Assets.xcassets; sourceTree = "<group>"; };
		90150C0D1E38CDB5008148A0 /* Base */ = {isa = PBXFileReference; lastKnownFileType = file.storyboard; name = Base; path = Base.lproj/LaunchScreen.storyboard; sourceTree = "<group>"; };
		90150C0F1E38CDB5008148A0 /* Info.plist */ = {isa = PBXFileReference; lastKnownFileType = text.plist.xml; path = Info.plist; sourceTree = "<group>"; };
		90E5EC5A1E3A1FE60001D1D2 /* CPKeezyView.swift */ = {isa = PBXFileReference; fileEncoding = 4; lastKnownFileType = sourcecode.swift; path = CPKeezyView.swift; sourceTree = "<group>"; };
		90E5EC5B1E3A1FE60001D1D2 /* CPScalableButton.swift */ = {isa = PBXFileReference; fileEncoding = 4; lastKnownFileType = sourcecode.swift; path = CPScalableButton.swift; sourceTree = "<group>"; };
		D8008AD11DEA2E6AAE65D486 /* Pods_CPKeezyViewDemo.framework */ = {isa = PBXFileReference; explicitFileType = wrapper.framework; includeInIndex = 0; path = Pods_CPKeezyViewDemo.framework; sourceTree = BUILT_PRODUCTS_DIR; };
		F9D1C09AF59F6F5BD6422A74 /* Pods-CPKeezyViewDemo.release.xcconfig */ = {isa = PBXFileReference; includeInIndex = 1; lastKnownFileType = text.xcconfig; name = "Pods-CPKeezyViewDemo.release.xcconfig"; path = "Pods/Target Support Files/Pods-CPKeezyViewDemo/Pods-CPKeezyViewDemo.release.xcconfig"; sourceTree = "<group>"; };
/* End PBXFileReference section */

/* Begin PBXFrameworksBuildPhase section */
		90150BFD1E38CDB5008148A0 /* Frameworks */ = {
			isa = PBXFrameworksBuildPhase;
			buildActionMask = 2147483647;
			files = (
				90F146A1237154B0379D836A /* Pods_CPKeezyViewDemo.framework in Frameworks */,
			);
			runOnlyForDeploymentPostprocessing = 0;
		};
/* End PBXFrameworksBuildPhase section */

/* Begin PBXGroup section */
		90150BF71E38CDB5008148A0 = {
			isa = PBXGroup;
			children = (
				90150C021E38CDB5008148A0 /* CPKeezyViewDemo */,
				90150C011E38CDB5008148A0 /* Products */,
				9E5A65108276B19640EE7414 /* Pods */,
				D9C40638D5A27DAC003F503D /* Frameworks */,
			);
			sourceTree = "<group>";
		};
		90150C011E38CDB5008148A0 /* Products */ = {
			isa = PBXGroup;
			children = (
				90150C001E38CDB5008148A0 /* CPKeezyViewDemo.app */,
			);
			name = Products;
			sourceTree = "<group>";
		};
		90150C021E38CDB5008148A0 /* CPKeezyViewDemo */ = {
			isa = PBXGroup;
			children = (
				90150C031E38CDB5008148A0 /* AppDelegate.swift */,
				90150C051E38CDB5008148A0 /* ViewController.swift */,
				90E5EC5A1E3A1FE60001D1D2 /* CPKeezyView.swift */,
				90E5EC5B1E3A1FE60001D1D2 /* CPScalableButton.swift */,
				90150C071E38CDB5008148A0 /* Main.storyboard */,
				90150C0A1E38CDB5008148A0 /* Assets.xcassets */,
				90150C0C1E38CDB5008148A0 /* LaunchScreen.storyboard */,
				90150C0F1E38CDB5008148A0 /* Info.plist */,
			);
			path = CPKeezyViewDemo;
			sourceTree = "<group>";
		};
		9E5A65108276B19640EE7414 /* Pods */ = {
			isa = PBXGroup;
			children = (
				86663ED3738F5751630CFB4C /* Pods-CPKeezyViewDemo.debug.xcconfig */,
				F9D1C09AF59F6F5BD6422A74 /* Pods-CPKeezyViewDemo.release.xcconfig */,
			);
			name = Pods;
			sourceTree = "<group>";
		};
		D9C40638D5A27DAC003F503D /* Frameworks */ = {
			isa = PBXGroup;
			children = (
				D8008AD11DEA2E6AAE65D486 /* Pods_CPKeezyViewDemo.framework */,
			);
			name = Frameworks;
			sourceTree = "<group>";
		};
/* End PBXGroup section */

/* Begin PBXNativeTarget section */
		90150BFF1E38CDB5008148A0 /* CPKeezyViewDemo */ = {
			isa = PBXNativeTarget;
			buildConfigurationList = 90150C121E38CDB5008148A0 /* Build configuration list for PBXNativeTarget "CPKeezyViewDemo" */;
			buildPhases = (
				0B3D8CE51A6AAD2C60D1BB89 /* [CP] Check Pods Manifest.lock */,
				90150BFC1E38CDB5008148A0 /* Sources */,
				90150BFD1E38CDB5008148A0 /* Frameworks */,
				90150BFE1E38CDB5008148A0 /* Resources */,
				FADA2AEC8A112FF0158FE6DD /* [CP] Embed Pods Frameworks */,
				D142D5E359535CFE954CB79C /* [CP] Copy Pods Resources */,
			);
			buildRules = (
			);
			dependencies = (
			);
			name = CPKeezyViewDemo;
			productName = CPKeezyViewDemo;
			productReference = 90150C001E38CDB5008148A0 /* CPKeezyViewDemo.app */;
			productType = "com.apple.product-type.application";
		};
/* End PBXNativeTarget section */

/* Begin PBXProject section */
		90150BF81E38CDB5008148A0 /* Project object */ = {
			isa = PBXProject;
			attributes = {
				LastSwiftUpdateCheck = 0820;
				LastUpgradeCheck = 0820;
				ORGANIZATIONNAME = Parsifal;
				TargetAttributes = {
					90150BFF1E38CDB5008148A0 = {
						CreatedOnToolsVersion = 8.2.1;
						DevelopmentTeam = 558X9W8374;
						ProvisioningStyle = Automatic;
					};
				};
			};
			buildConfigurationList = 90150BFB1E38CDB5008148A0 /* Build configuration list for PBXProject "CPKeezyViewDemo" */;
			compatibilityVersion = "Xcode 3.2";
			developmentRegion = English;
			hasScannedForEncodings = 0;
			knownRegions = (
				en,
				Base,
			);
			mainGroup = 90150BF71E38CDB5008148A0;
			productRefGroup = 90150C011E38CDB5008148A0 /* Products */;
			projectDirPath = "";
			projectRoot = "";
			targets = (
				90150BFF1E38CDB5008148A0 /* CPKeezyViewDemo */,
			);
		};
/* End PBXProject section */

/* Begin PBXResourcesBuildPhase section */
		90150BFE1E38CDB5008148A0 /* Resources */ = {
			isa = PBXResourcesBuildPhase;
			buildActionMask = 2147483647;
			files = (
				90150C0E1E38CDB5008148A0 /* LaunchScreen.storyboard in Resources */,
				90150C0B1E38CDB5008148A0 /* Assets.xcassets in Resources */,
				90150C091E38CDB5008148A0 /* Main.storyboard in Resources */,
			);
			runOnlyForDeploymentPostprocessing = 0;
		};
/* End PBXResourcesBuildPhase section */

/* Begin PBXShellScriptBuildPhase section */
		0B3D8CE51A6AAD2C60D1BB89 /* [CP] Check Pods Manifest.lock */ = {
			isa = PBXShellScriptBuildPhase;
			buildActionMask = 2147483647;
			files = (
			);
			inputPaths = (
			);
			name = "[CP] Check Pods Manifest.lock";
			outputPaths = (
			);
			runOnlyForDeploymentPostprocessing = 0;
			shellPath = /bin/sh;
			shellScript = "diff \"${PODS_ROOT}/../Podfile.lock\" \"${PODS_ROOT}/Manifest.lock\" > /dev/null\nif [ $? != 0 ] ; then\n    # print error to STDERR\n    echo \"error: The sandbox is not in sync with the Podfile.lock. Run 'pod install' or update your CocoaPods installation.\" >&2\n    exit 1\nfi\n";
			showEnvVarsInLog = 0;
		};
		D142D5E359535CFE954CB79C /* [CP] Copy Pods Resources */ = {
			isa = PBXShellScriptBuildPhase;
			buildActionMask = 2147483647;
			files = (
			);
			inputPaths = (
			);
			name = "[CP] Copy Pods Resources";
			outputPaths = (
			);
			runOnlyForDeploymentPostprocessing = 0;
			shellPath = /bin/sh;
			shellScript = "\"${SRCROOT}/Pods/Target Support Files/Pods-CPKeezyViewDemo/Pods-CPKeezyViewDemo-resources.sh\"\n";
			showEnvVarsInLog = 0;
		};
		FADA2AEC8A112FF0158FE6DD /* [CP] Embed Pods Frameworks */ = {
			isa = PBXShellScriptBuildPhase;
			buildActionMask = 2147483647;
			files = (
			);
			inputPaths = (
			);
			name = "[CP] Embed Pods Frameworks";
			outputPaths = (
			);
			runOnlyForDeploymentPostprocessing = 0;
			shellPath = /bin/sh;
			shellScript = "\"${SRCROOT}/Pods/Target Support Files/Pods-CPKeezyViewDemo/Pods-CPKeezyViewDemo-frameworks.sh\"\n";
			showEnvVarsInLog = 0;
		};
/* End PBXShellScriptBuildPhase section */

/* Begin PBXSourcesBuildPhase section */
		90150BFC1E38CDB5008148A0 /* Sources */ = {
			isa = PBXSourcesBuildPhase;
			buildActionMask = 2147483647;
			files = (
				90E5EC5C1E3A1FE60001D1D2 /* CPKeezyView.swift in Sources */,
				90150C061E38CDB5008148A0 /* ViewController.swift in Sources */,
				90150C041E38CDB5008148A0 /* AppDelegate.swift in Sources */,
				90E5EC5D1E3A1FE60001D1D2 /* CPScalableButton.swift in Sources */,
			);
			runOnlyForDeploymentPostprocessing = 0;
		};
/* End PBXSourcesBuildPhase section */

/* Begin PBXVariantGroup section */
		90150C071E38CDB5008148A0 /* Main.storyboard */ = {
			isa = PBXVariantGroup;
			children = (
				90150C081E38CDB5008148A0 /* Base */,
			);
			name = Main.storyboard;
			sourceTree = "<group>";
		};
		90150C0C1E38CDB5008148A0 /* LaunchScreen.storyboard */ = {
			isa = PBXVariantGroup;
			children = (
				90150C0D1E38CDB5008148A0 /* Base */,
			);
			name = LaunchScreen.storyboard;
			sourceTree = "<group>";
		};
/* End PBXVariantGroup section */

/* Begin XCBuildConfiguration section */
		90150C101E38CDB5008148A0 /* Debug */ = {
			isa = XCBuildConfiguration;
			buildSettings = {
				ALWAYS_SEARCH_USER_PATHS = NO;
				CLANG_ANALYZER_NONNULL = YES;
				CLANG_CXX_LANGUAGE_STANDARD = "gnu++0x";
				CLANG_CXX_LIBRARY = "libc++";
				CLANG_ENABLE_MODULES = YES;
				CLANG_ENABLE_OBJC_ARC = YES;
				CLANG_WARN_BOOL_CONVERSION = YES;
				CLANG_WARN_CONSTANT_CONVERSION = YES;
				CLANG_WARN_DIRECT_OBJC_ISA_USAGE = YES_ERROR;
				CLANG_WARN_DOCUMENTATION_COMMENTS = YES;
				CLANG_WARN_EMPTY_BODY = YES;
				CLANG_WARN_ENUM_CONVERSION = YES;
				CLANG_WARN_INFINITE_RECURSION = YES;
				CLANG_WARN_INT_CONVERSION = YES;
				CLANG_WARN_OBJC_ROOT_CLASS = YES_ERROR;
				CLANG_WARN_SUSPICIOUS_MOVE = YES;
				CLANG_WARN_UNREACHABLE_CODE = YES;
				CLANG_WARN__DUPLICATE_METHOD_MATCH = YES;
				"CODE_SIGN_IDENTITY[sdk=iphoneos*]" = "iPhone Developer";
				COPY_PHASE_STRIP = NO;
				DEBUG_INFORMATION_FORMAT = dwarf;
				ENABLE_STRICT_OBJC_MSGSEND = YES;
				ENABLE_TESTABILITY = YES;
				GCC_C_LANGUAGE_STANDARD = gnu99;
				GCC_DYNAMIC_NO_PIC = NO;
				GCC_NO_COMMON_BLOCKS = YES;
				GCC_OPTIMIZATION_LEVEL = 0;
				GCC_PREPROCESSOR_DEFINITIONS = (
					"DEBUG=1",
					"$(inherited)",
				);
				GCC_WARN_64_TO_32_BIT_CONVERSION = YES;
				GCC_WARN_ABOUT_RETURN_TYPE = YES_ERROR;
				GCC_WARN_UNDECLARED_SELECTOR = YES;
				GCC_WARN_UNINITIALIZED_AUTOS = YES_AGGRESSIVE;
				GCC_WARN_UNUSED_FUNCTION = YES;
				GCC_WARN_UNUSED_VARIABLE = YES;
				IPHONEOS_DEPLOYMENT_TARGET = 10.2;
				MTL_ENABLE_DEBUG_INFO = YES;
				ONLY_ACTIVE_ARCH = YES;
				SDKROOT = iphoneos;
				SWIFT_ACTIVE_COMPILATION_CONDITIONS = DEBUG;
				SWIFT_OPTIMIZATION_LEVEL = "-Onone";
			};
			name = Debug;
		};
		90150C111E38CDB5008148A0 /* Release */ = {
			isa = XCBuildConfiguration;
			buildSettings = {
				ALWAYS_SEARCH_USER_PATHS = NO;
				CLANG_ANALYZER_NONNULL = YES;
				CLANG_CXX_LANGUAGE_STANDARD = "gnu++0x";
				CLANG_CXX_LIBRARY = "libc++";
				CLANG_ENABLE_MODULES = YES;
				CLANG_ENABLE_OBJC_ARC = YES;
				CLANG_WARN_BOOL_CONVERSION = YES;
				CLANG_WARN_CONSTANT_CONVERSION = YES;
				CLANG_WARN_DIRECT_OBJC_ISA_USAGE = YES_ERROR;
				CLANG_WARN_DOCUMENTATION_COMMENTS = YES;
				CLANG_WARN_EMPTY_BODY = YES;
				CLANG_WARN_ENUM_CONVERSION = YES;
				CLANG_WARN_INFINITE_RECURSION = YES;
				CLANG_WARN_INT_CONVERSION = YES;
				CLANG_WARN_OBJC_ROOT_CLASS = YES_ERROR;
				CLANG_WARN_SUSPICIOUS_MOVE = YES;
				CLANG_WARN_UNREACHABLE_CODE = YES;
				CLANG_WARN__DUPLICATE_METHOD_MATCH = YES;
				"CODE_SIGN_IDENTITY[sdk=iphoneos*]" = "iPhone Developer";
				COPY_PHASE_STRIP = NO;
				DEBUG_INFORMATION_FORMAT = "dwarf-with-dsym";
				ENABLE_NS_ASSERTIONS = NO;
				ENABLE_STRICT_OBJC_MSGSEND = YES;
				GCC_C_LANGUAGE_STANDARD = gnu99;
				GCC_NO_COMMON_BLOCKS = YES;
				GCC_WARN_64_TO_32_BIT_CONVERSION = YES;
				GCC_WARN_ABOUT_RETURN_TYPE = YES_ERROR;
				GCC_WARN_UNDECLARED_SELECTOR = YES;
				GCC_WARN_UNINITIALIZED_AUTOS = YES_AGGRESSIVE;
				GCC_WARN_UNUSED_FUNCTION = YES;
				GCC_WARN_UNUSED_VARIABLE = YES;
				IPHONEOS_DEPLOYMENT_TARGET = 10.2;
				MTL_ENABLE_DEBUG_INFO = NO;
				SDKROOT = iphoneos;
				SWIFT_OPTIMIZATION_LEVEL = "-Owholemodule";
				VALIDATE_PRODUCT = YES;
			};
			name = Release;
		};
		90150C131E38CDB5008148A0 /* Debug */ = {
			isa = XCBuildConfiguration;
			baseConfigurationReference = 86663ED3738F5751630CFB4C /* Pods-CPKeezyViewDemo.debug.xcconfig */;
			buildSettings = {
				ASSETCATALOG_COMPILER_APPICON_NAME = AppIcon;
				DEVELOPMENT_TEAM = 558X9W8374;
				INFOPLIST_FILE = CPKeezyViewDemo/Info.plist;
				LD_RUNPATH_SEARCH_PATHS = "$(inherited) @executable_path/Frameworks";
				PRODUCT_BUNDLE_IDENTIFIER = com.Parsifal.CPKeezyViewDemo;
				PRODUCT_NAME = "$(TARGET_NAME)";
				SWIFT_VERSION = 3.0;
			};
			name = Debug;
		};
		90150C141E38CDB5008148A0 /* Release */ = {
			isa = XCBuildConfiguration;
			baseConfigurationReference = F9D1C09AF59F6F5BD6422A74 /* Pods-CPKeezyViewDemo.release.xcconfig */;
			buildSettings = {
				ASSETCATALOG_COMPILER_APPICON_NAME = AppIcon;
				DEVELOPMENT_TEAM = 558X9W8374;
				INFOPLIST_FILE = CPKeezyViewDemo/Info.plist;
				LD_RUNPATH_SEARCH_PATHS = "$(inherited) @executable_path/Frameworks";
				PRODUCT_BUNDLE_IDENTIFIER = com.Parsifal.CPKeezyViewDemo;
				PRODUCT_NAME = "$(TARGET_NAME)";
				SWIFT_VERSION = 3.0;
			};
			name = Release;
		};
/* End XCBuildConfiguration section */

/* Begin XCConfigurationList section */
		90150BFB1E38CDB5008148A0 /* Build configuration list for PBXProject "CPKeezyViewDemo" */ = {
			isa = XCConfigurationList;
			buildConfigurations = (
				90150C101E38CDB5008148A0 /* Debug */,
				90150C111E38CDB5008148A0 /* Release */,
			);
			defaultConfigurationIsVisible = 0;
			defaultConfigurationName = Release;
		};
		90150C121E38CDB5008148A0 /* Build configuration list for PBXNativeTarget "CPKeezyViewDemo" */ = {
			isa = XCConfigurationList;
			buildConfigurations = (
				90150C131E38CDB5008148A0 /* Debug */,
				90150C141E38CDB5008148A0 /* Release */,
			);
			defaultConfigurationIsVisible = 0;
			defaultConfigurationName = Release;
		};
/* End XCConfigurationList section */
	};
	rootObject = 90150BF81E38CDB5008148A0 /* Project object */;
}
